
Microsoft Visual Studio Solution File, Format Version 12.00
# Visual Studio Version 17
VisualStudioVersion = 17.0.31903.59
MinimumVisualStudioVersion = 10.0.40219.1
Project("{9A19103F-16F7-4668-BE54-9A1E7A4F7556}") = "AppsServer", "AppsServer\AppsServer.csproj", "{023C9C68-7284-442F-B5A9-57B817AD9076}"
EndProject
Project("{FAE04EC0-301F-11D3-BF4B-00C04F79EFBC}") = "AppsClient", "AppsClient\AppsClient.csproj", "{6D95CC8D-A126-4DCA-80BB-A572158F10A6}"
EndProject
Global
	GlobalSection(SolutionConfigurationPlatforms) = preSolution
		Debug|Any CPU = Debug|Any CPU
		Release|Any CPU = Release|Any CPU
	EndGlobalSection
	GlobalSection(ProjectConfigurationPlatforms) = postSolution
		{023C9C68-7284-442F-B5A9-57B817AD9076}.Debug|Any CPU.ActiveCfg = Debug|Any CPU
		{023C9C68-7284-442F-B5A9-57B817AD9076}.Debug|Any CPU.Build.0 = Debug|Any CPU
		{023C9C68-7284-442F-B5A9-57B817AD9076}.Release|Any CPU.ActiveCfg = Release|Any CPU
		{023C9C68-7284-442F-B5A9-57B817AD9076}.Release|Any CPU.Build.0 = Release|Any CPU
		{6D95CC8D-A126-4DCA-80BB-A572158F10A6}.Debug|Any CPU.ActiveCfg = Debug|Any CPU
		{6D95CC8D-A126-4DCA-80BB-A572158F10A6}.Debug|Any CPU.Build.0 = Debug|Any CPU
		{6D95CC8D-A126-4DCA-80BB-A572158F10A6}.Release|Any CPU.ActiveCfg = Release|Any CPU
		{6D95CC8D-A126-4DCA-80BB-A572158F10A6}.Release|Any CPU.Build.0 = Release|Any CPU
	EndGlobalSection
	GlobalSection(SolutionProperties) = preSolution
		HideSolutionNode = FALSE
	EndGlobalSection
	GlobalSection(ExtensibilityGlobals) = postSolution
		SolutionGuid = {8B30DFE1-ADF6-417E-88D0-9226DF855B8B}
	EndGlobalSection
EndGlobal
